// !$*UTF8*$!
{
	archiveVersion = 1;
	classes = {
	};
	objectVersion = 56;
	objects = {

/* Begin PBXBuildFile section */
		40712BB02DB0CA9C002B1B2D /* HawkApp.swift in Sources */ = {isa = PBXBuildFile; fileRef = 40712BAF2DB0CA9C002B1B2D /* HawkApp.swift */; };
		40712BB22DB0CA9C002B1B2D /* ContentView.swift in Sources */ = {isa = PBXBuildFile; fileRef = 40712BB12DB0CA9C002B1B2D /* ContentView.swift */; };
		40712BB42DB0CA9F002B1B2D /* Assets.xcassets in Resources */ = {isa = PBXBuildFile; fileRef = 40712BB32DB0CA9F002B1B2D /* Assets.xcassets */; };
		40712BB72DB0CA9F002B1B2D /* Preview Assets.xcassets in Resources */ = {isa = PBXBuildFile; fileRef = 40712BB62DB0CA9F002B1B2D /* Preview Assets.xcassets */; };
		40924B022DB0D1A700C5800C /* PreferencesManager.swift in Sources */ = {isa = PBXBuildFile; fileRef = 40924B012DB0D1A700C5800C /* PreferencesManager.swift */; };
		40924B032DB0D1A700C5800C /* Models.swift in Sources */ = {isa = PBXBuildFile; fileRef = 40924B002DB0D1A700C5800C /* Models.swift */; };
		40924B052DB0D1A700C5800C /* AccessibilityReader.swift in Sources */ = {isa = PBXBuildFile; fileRef = 40924AFD2DB0D1A700C5800C /* AccessibilityReader.swift */; };
		40924B062DB0D1A700C5800C /* FileSearchManager.swift in Sources */ = {isa = PBXBuildFile; fileRef = 40924AFF2DB0D1A700C5800C /* FileSearchManager.swift */; };
		40924B092DB0D37A00C5800C /* StatusBarManager.swift in Sources */ = {isa = PBXBuildFile; fileRef = 40924B082DB0D37A00C5800C /* StatusBarManager.swift */; };
		40924B0A2DB0D37A00C5800C /* HotkeyManager.swift in Sources */ = {isa = PBXBuildFile; fileRef = 40924B072DB0D37A00C5800C /* HotkeyManager.swift */; };
		40924B0C2DB0D6C600C5800C /* MainWindowView.swift in Sources */ = {isa = PBXBuildFile; fileRef = 40924B0B2DB0D6C600C5800C /* MainWindowView.swift */; };
/* End PBXBuildFile section */

/* Begin PBXFileReference section */
		40712BAC2DB0CA9C002B1B2D /* Hawk.app */ = {isa = PBXFileReference; explicitFileType = wrapper.application; includeInIndex = 0; path = Hawk.app; sourceTree = BUILT_PRODUCTS_DIR; };
		40712BAF2DB0CA9C002B1B2D /* HawkApp.swift */ = {isa = PBXFileReference; lastKnownFileType = sourcecode.swift; path = HawkApp.swift; sourceTree = "<group>"; };
		40712BB12DB0CA9C002B1B2D /* ContentView.swift */ = {isa = PBXFileReference; lastKnownFileType = sourcecode.swift; path = ContentView.swift; sourceTree = "<group>"; };
		40712BB32DB0CA9F002B1B2D /* Assets.xcassets */ = {isa = PBXFileReference; lastKnownFileType = folder.assetcatalog; path = Assets.xcassets; sourceTree = "<group>"; };
		40712BB62DB0CA9F002B1B2D /* Preview Assets.xcassets */ = {isa = PBXFileReference; lastKnownFileType = folder.assetcatalog; path = "Preview Assets.xcassets"; sourceTree = "<group>"; };
		40712BB82DB0CA9F002B1B2D /* Hawk.entitlements */ = {isa = PBXFileReference; lastKnownFileType = text.plist.entitlements; path = Hawk.entitlements; sourceTree = "<group>"; };
		40924AFD2DB0D1A700C5800C /* AccessibilityReader.swift */ = {isa = PBXFileReference; lastKnownFileType = sourcecode.swift; path = AccessibilityReader.swift; sourceTree = "<group>"; };
		40924AFF2DB0D1A700C5800C /* FileSearchManager.swift */ = {isa = PBXFileReference; lastKnownFileType = sourcecode.swift; path = FileSearchManager.swift; sourceTree = "<group>"; };
		40924B002DB0D1A700C5800C /* Models.swift */ = {isa = PBXFileReference; lastKnownFileType = sourcecode.swift; path = Models.swift; sourceTree = "<group>"; };
		40924B012DB0D1A700C5800C /* PreferencesManager.swift */ = {isa = PBXFileReference; lastKnownFileType = sourcecode.swift; path = PreferencesManager.swift; sourceTree = "<group>"; };
		40924B072DB0D37A00C5800C /* HotkeyManager.swift */ = {isa = PBXFileReference; lastKnownFileType = sourcecode.swift; path = HotkeyManager.swift; sourceTree = "<group>"; };
		40924B082DB0D37A00C5800C /* StatusBarManager.swift */ = {isa = PBXFileReference; lastKnownFileType = sourcecode.swift; path = StatusBarManager.swift; sourceTree = "<group>"; };
		40924B0B2DB0D6C600C5800C /* MainWindowView.swift */ = {isa = PBXFileReference; lastKnownFileType = sourcecode.swift; path = MainWindowView.swift; sourceTree = "<group>"; };
/* End PBXFileReference section */

/* Begin PBXFrameworksBuildPhase section */
		40712BA92DB0CA9C002B1B2D /* Frameworks */ = {
			isa = PBXFrameworksBuildPhase;
			buildActionMask = 2147483647;
			files = (
			);
			runOnlyForDeploymentPostprocessing = 0;
		};
/* End PBXFrameworksBuildPhase section */

/* Begin PBXGroup section */
		40712BA32DB0CA9C002B1B2D = {
			isa = PBXGroup;
			children = (
				40712BAE2DB0CA9C002B1B2D /* Hawk */,
				40712BAD2DB0CA9C002B1B2D /* Products */,
			);
			sourceTree = "<group>";
		};
		40712BAD2DB0CA9C002B1B2D /* Products */ = {
			isa = PBXGroup;
			children = (
				40712BAC2DB0CA9C002B1B2D /* Hawk.app */,
			);
			name = Products;
			sourceTree = "<group>";
		};
		40712BAE2DB0CA9C002B1B2D /* Hawk */ = {
			isa = PBXGroup;
			children = (
				40712BAF2DB0CA9C002B1B2D /* HawkApp.swift */,
				40712BB12DB0CA9C002B1B2D /* ContentView.swift */,
				40924B0B2DB0D6C600C5800C /* MainWindowView.swift */,
				40924AFD2DB0D1A700C5800C /* AccessibilityReader.swift */,
				40924AFF2DB0D1A700C5800C /* FileSearchManager.swift */,
				40924B002DB0D1A700C5800C /* Models.swift */,
				40924B072DB0D37A00C5800C /* HotkeyManager.swift */,
				40924B082DB0D37A00C5800C /* StatusBarManager.swift */,
				40924B012DB0D1A700C5800C /* PreferencesManager.swift */,
				40712BB32DB0CA9F002B1B2D /* Assets.xcassets */,
				40712BB82DB0CA9F002B1B2D /* Hawk.entitlements */,
				40712BB52DB0CA9F002B1B2D /* Preview Content */,
			);
			path = Hawk;
			sourceTree = "<group>";
		};
		40712BB52DB0CA9F002B1B2D /* Preview Content */ = {
			isa = PBXGroup;
			children = (
				40712BB62DB0CA9F002B1B2D /* Preview Assets.xcassets */,
			);
			path = "Preview Content";
			sourceTree = "<group>";
		};
/* End PBXGroup section */

/* Begin PBXNativeTarget section */
		40712BAB2DB0CA9C002B1B2D /* Hawk */ = {
			isa = PBXNativeTarget;
			buildConfigurationList = 40712BBB2DB0CA9F002B1B2D /* Build configuration list for PBXNativeTarget "Hawk" */;
			buildPhases = (
				40712BA82DB0CA9C002B1B2D /* Sources */,
				40712BA92DB0CA9C002B1B2D /* Frameworks */,
				40712BAA2DB0CA9C002B1B2D /* Resources */,
			);
			buildRules = (
			);
			dependencies = (
			);
			name = Hawk;
			productName = Hawk;
			productReference = 40712BAC2DB0CA9C002B1B2D /* Hawk.app */;
			productType = "com.apple.product-type.application";
		};
/* End PBXNativeTarget section */

/* Begin PBXProject section */
		40712BA42DB0CA9C002B1B2D /* Project object */ = {
			isa = PBXProject;
			attributes = {
				BuildIndependentTargetsInParallel = 1;
				LastSwiftUpdateCheck = 1520;
				LastUpgradeCheck = 1520;
				TargetAttributes = {
					40712BAB2DB0CA9C002B1B2D = {
						CreatedOnToolsVersion = 15.2;
					};
				};
			};
			buildConfigurationList = 40712BA72DB0CA9C002B1B2D /* Build configuration list for PBXProject "Hawk" */;
			compatibilityVersion = "Xcode 14.0";
			developmentRegion = en;
			hasScannedForEncodings = 0;
			knownRegions = (
				en,
				Base,
			);
			mainGroup = 40712BA32DB0CA9C002B1B2D;
			productRefGroup = 40712BAD2DB0CA9C002B1B2D /* Products */;
			projectDirPath = "";
			projectRoot = "";
			targets = (
				40712BAB2DB0CA9C002B1B2D /* Hawk */,
			);
		};
/* End PBXProject section */

/* Begin PBXResourcesBuildPhase section */
		40712BAA2DB0CA9C002B1B2D /* Resources */ = {
			isa = PBXResourcesBuildPhase;
			buildActionMask = 2147483647;
			files = (
				40712BB72DB0CA9F002B1B2D /* Preview Assets.xcassets in Resources */,
				40712BB42DB0CA9F002B1B2D /* Assets.xcassets in Resources */,
			);
			runOnlyForDeploymentPostprocessing = 0;
		};
/* End PBXResourcesBuildPhase section */

/* Begin PBXSourcesBuildPhase section */
		40712BA82DB0CA9C002B1B2D /* Sources */ = {
			isa = PBXSourcesBuildPhase;
			buildActionMask = 2147483647;
			files = (
				40924B092DB0D37A00C5800C /* StatusBarManager.swift in Sources */,
				40924B0A2DB0D37A00C5800C /* HotkeyManager.swift in Sources */,
				40712BB22DB0CA9C002B1B2D /* ContentView.swift in Sources */,
				40712BB02DB0CA9C002B1B2D /* HawkApp.swift in Sources */,
				40924B022DB0D1A700C5800C /* PreferencesManager.swift in Sources */,
				40924B032DB0D1A700C5800C /* Models.swift in Sources */,
				40924B0C2DB0D6C600C5800C /* MainWindowView.swift in Sources */,
				40924B052DB0D1A700C5800C /* AccessibilityReader.swift in Sources */,
				40924B062DB0D1A700C5800C /* FileSearchManager.swift in Sources */,
			);
			runOnlyForDeploymentPostprocessing = 0;
		};
/* End PBXSourcesBuildPhase section */

/* Begin XCBuildConfiguration section */
		40712BB92DB0CA9F002B1B2D /* Debug */ = {
			isa = XCBuildConfiguration;
			buildSettings = {
				ALWAYS_SEARCH_USER_PATHS = NO;
				ASSETCATALOG_COMPILER_GENERATE_SWIFT_ASSET_SYMBOL_EXTENSIONS = YES;
				CLANG_ANALYZER_NONNULL = YES;
				CLANG_ANALYZER_NUMBER_OBJECT_CONVERSION = YES_AGGRESSIVE;
				CLANG_CXX_LANGUAGE_STANDARD = "gnu++20";
				CLANG_ENABLE_MODULES = YES;
				CLANG_ENABLE_OBJC_ARC = YES;
				CLANG_ENABLE_OBJC_WEAK = YES;
				CLANG_WARN_BLOCK_CAPTURE_AUTORELEASING = YES;
				CLANG_WARN_BOOL_CONVERSION = YES;
				CLANG_WARN_COMMA = YES;
				CLANG_WARN_CONSTANT_CONVERSION = YES;
				CLANG_WARN_DEPRECATED_OBJC_IMPLEMENTATIONS = YES;
				CLANG_WARN_DIRECT_OBJC_ISA_USAGE = YES_ERROR;
				CLANG_WARN_DOCUMENTATION_COMMENTS = YES;
				CLANG_WARN_EMPTY_BODY = YES;
				CLANG_WARN_ENUM_CONVERSION = YES;
				CLANG_WARN_INFINITE_RECURSION = YES;
				CLANG_WARN_INT_CONVERSION = YES;
				CLANG_WARN_NON_LITERAL_NULL_CONVERSION = YES;
				CLANG_WARN_OBJC_IMPLICIT_RETAIN_SELF = YES;
				CLANG_WARN_OBJC_LITERAL_CONVERSION = YES;
				CLANG_WARN_OBJC_ROOT_CLASS = YES_ERROR;
				CLANG_WARN_QUOTED_INCLUDE_IN_FRAMEWORK_HEADER = YES;
				CLANG_WARN_RANGE_LOOP_ANALYSIS = YES;
				CLANG_WARN_STRICT_PROTOTYPES = YES;
				CLANG_WARN_SUSPICIOUS_MOVE = YES;
				CLANG_WARN_UNGUARDED_AVAILABILITY = YES_AGGRESSIVE;
				CLANG_WARN_UNREACHABLE_CODE = YES;
				CLANG_WARN__DUPLICATE_METHOD_MATCH = YES;
				COPY_PHASE_STRIP = NO;
				DEBUG_INFORMATION_FORMAT = dwarf;
				ENABLE_STRICT_OBJC_MSGSEND = YES;
				ENABLE_TESTABILITY = YES;
				ENABLE_USER_SCRIPT_SANDBOXING = YES;
				GCC_C_LANGUAGE_STANDARD = gnu17;
				GCC_DYNAMIC_NO_PIC = NO;
				GCC_NO_COMMON_BLOCKS = YES;
				GCC_OPTIMIZATION_LEVEL = 0;
				GCC_PREPROCESSOR_DEFINITIONS = (
					"DEBUG=1",
					"$(inherited)",
				);
				GCC_WARN_64_TO_32_BIT_CONVERSION = YES;
				GCC_WARN_ABOUT_RETURN_TYPE = YES_ERROR;
				GCC_WARN_UNDECLARED_SELECTOR = YES;
				GCC_WARN_UNINITIALIZED_AUTOS = YES_AGGRESSIVE;
				GCC_WARN_UNUSED_FUNCTION = YES;
				GCC_WARN_UNUSED_VARIABLE = YES;
				LOCALIZATION_PREFERS_STRING_CATALOGS = YES;
				MACOSX_DEPLOYMENT_TARGET = 13.7;
				MTL_ENABLE_DEBUG_INFO = INCLUDE_SOURCE;
				MTL_FAST_MATH = YES;
				ONLY_ACTIVE_ARCH = YES;
				SDKROOT = macosx;
				SWIFT_ACTIVE_COMPILATION_CONDITIONS = "DEBUG $(inherited)";
				SWIFT_OPTIMIZATION_LEVEL = "-Onone";
			};
			name = Debug;
		};
		40712BBA2DB0CA9F002B1B2D /* Release */ = {
			isa = XCBuildConfiguration;
			buildSettings = {
				ALWAYS_SEARCH_USER_PATHS = NO;
				ASSETCATALOG_COMPILER_GENERATE_SWIFT_ASSET_SYMBOL_EXTENSIONS = YES;
				CLANG_ANALYZER_NONNULL = YES;
				CLANG_ANALYZER_NUMBER_OBJECT_CONVERSION = YES_AGGRESSIVE;
				CLANG_CXX_LANGUAGE_STANDARD = "gnu++20";
				CLANG_ENABLE_MODULES = YES;
				CLANG_ENABLE_OBJC_ARC = YES;
				CLANG_ENABLE_OBJC_WEAK = YES;
				CLANG_WARN_BLOCK_CAPTURE_AUTORELEASING = YES;
				CLANG_WARN_BOOL_CONVERSION = YES;
				CLANG_WARN_COMMA = YES;
				CLANG_WARN_CONSTANT_CONVERSION = YES;
				CLANG_WARN_DEPRECATED_OBJC_IMPLEMENTATIONS = YES;
				CLANG_WARN_DIRECT_OBJC_ISA_USAGE = YES_ERROR;
				CLANG_WARN_DOCUMENTATION_COMMENTS = YES;
				CLANG_WARN_EMPTY_BODY = YES;
				CLANG_WARN_ENUM_CONVERSION = YES;
				CLANG_WARN_INFINITE_RECURSION = YES;
				CLANG_WARN_INT_CONVERSION = YES;
				CLANG_WARN_NON_LITERAL_NULL_CONVERSION = YES;
				CLANG_WARN_OBJC_IMPLICIT_RETAIN_SELF = YES;
				CLANG_WARN_OBJC_LITERAL_CONVERSION = YES;
				CLANG_WARN_OBJC_ROOT_CLASS = YES_ERROR;
				CLANG_WARN_QUOTED_INCLUDE_IN_FRAMEWORK_HEADER = YES;
				CLANG_WARN_RANGE_LOOP_ANALYSIS = YES;
				CLANG_WARN_STRICT_PROTOTYPES = YES;
				CLANG_WARN_SUSPICIOUS_MOVE = YES;
				CLANG_WARN_UNGUARDED_AVAILABILITY = YES_AGGRESSIVE;
				CLANG_WARN_UNREACHABLE_CODE = YES;
				CLANG_WARN__DUPLICATE_METHOD_MATCH = YES;
				COPY_PHASE_STRIP = NO;
				DEBUG_INFORMATION_FORMAT = "dwarf-with-dsym";
				ENABLE_NS_ASSERTIONS = NO;
				ENABLE_STRICT_OBJC_MSGSEND = YES;
				ENABLE_USER_SCRIPT_SANDBOXING = YES;
				GCC_C_LANGUAGE_STANDARD = gnu17;
				GCC_NO_COMMON_BLOCKS = YES;
				GCC_WARN_64_TO_32_BIT_CONVERSION = YES;
				GCC_WARN_ABOUT_RETURN_TYPE = YES_ERROR;
				GCC_WARN_UNDECLARED_SELECTOR = YES;
				GCC_WARN_UNINITIALIZED_AUTOS = YES_AGGRESSIVE;
				GCC_WARN_UNUSED_FUNCTION = YES;
				GCC_WARN_UNUSED_VARIABLE = YES;
				LOCALIZATION_PREFERS_STRING_CATALOGS = YES;
				MACOSX_DEPLOYMENT_TARGET = 13.7;
				MTL_ENABLE_DEBUG_INFO = NO;
				MTL_FAST_MATH = YES;
				SDKROOT = macosx;
				SWIFT_COMPILATION_MODE = wholemodule;
			};
			name = Release;
		};
		40712BBC2DB0CA9F002B1B2D /* Debug */ = {
			isa = XCBuildConfiguration;
			buildSettings = {
				ASSETCATALOG_COMPILER_APPICON_NAME = AppIcon;
				ASSETCATALOG_COMPILER_GLOBAL_ACCENT_COLOR_NAME = AccentColor;
				CODE_SIGN_ENTITLEMENTS = Hawk/Hawk.entitlements;
				CODE_SIGN_STYLE = Automatic;
				COMBINE_HIDPI_IMAGES = YES;
				CURRENT_PROJECT_VERSION = 1;
				DEVELOPMENT_ASSET_PATHS = "\"Hawk/Preview Content\"";
				ENABLE_PREVIEWS = YES;
				GENERATE_INFOPLIST_FILE = YES;
				INFOPLIST_KEY_NSHumanReadableCopyright = "";
				LD_RUNPATH_SEARCH_PATHS = (
					"$(inherited)",
					"@executable_path/../Frameworks",
				);
				MARKETING_VERSION = 1.0;
				PRODUCT_BUNDLE_IDENTIFIER = com.dc.Hawk;
				PRODUCT_NAME = "$(TARGET_NAME)";
				SWIFT_EMIT_LOC_STRINGS = YES;
				SWIFT_VERSION = 5.0;
			};
			name = Debug;
		};
		40712BBD2DB0CA9F002B1B2D /* Release */ = {
			isa = XCBuildConfiguration;
			buildSettings = {
				ASSETCATALOG_COMPILER_APPICON_NAME = AppIcon;
				ASSETCATALOG_COMPILER_GLOBAL_ACCENT_COLOR_NAME = AccentColor;
				CODE_SIGN_ENTITLEMENTS = Hawk/Hawk.entitlements;
				CODE_SIGN_STYLE = Automatic;
				COMBINE_HIDPI_IMAGES = YES;
				CURRENT_PROJECT_VERSION = 1;
				DEVELOPMENT_ASSET_PATHS = "\"Hawk/Preview Content\"";
				ENABLE_PREVIEWS = YES;
				GENERATE_INFOPLIST_FILE = YES;
				INFOPLIST_KEY_NSHumanReadableCopyright = "";
				LD_RUNPATH_SEARCH_PATHS = (
					"$(inherited)",
					"@executable_path/../Frameworks",
				);
				MARKETING_VERSION = 1.0;
				PRODUCT_BUNDLE_IDENTIFIER = com.dc.Hawk;
				PRODUCT_NAME = "$(TARGET_NAME)";
				SWIFT_EMIT_LOC_STRINGS = YES;
				SWIFT_VERSION = 5.0;
			};
			name = Release;
		};
/* End XCBuildConfiguration section */

/* Begin XCConfigurationList section */
		40712BA72DB0CA9C002B1B2D /* Build configuration list for PBXProject "Hawk" */ = {
			isa = XCConfigurationList;
			buildConfigurations = (
				40712BB92DB0CA9F002B1B2D /* Debug */,
				40712BBA2DB0CA9F002B1B2D /* Release */,
			);
			defaultConfigurationIsVisible = 0;
			defaultConfigurationName = Release;
		};
		40712BBB2DB0CA9F002B1B2D /* Build configuration list for PBXNativeTarget "Hawk" */ = {
			isa = XCConfigurationList;
			buildConfigurations = (
				40712BBC2DB0CA9F002B1B2D /* Debug */,
				40712BBD2DB0CA9F002B1B2D /* Release */,
			);
			defaultConfigurationIsVisible = 0;
			defaultConfigurationName = Release;
		};
/* End XCConfigurationList section */
	};
	rootObject = 40712BA42DB0CA9C002B1B2D /* Project object */;
}
